
Microsoft Visual Studio Solution File, Format Version 12.00
# Visual Studio 2015
Project("{FAE04EC0-301F-11D3-BF4B-00C04F79EFBC}") = "EGD1.Plugins", "EGD1.Plugins.csproj", "{D41F554E-2928-B6CD-3971-0EE2DDEF99B7}"
EndProject
Project("{FAE04EC0-301F-11D3-BF4B-00C04F79EFBC}") = "EGD1", "EGD1.csproj", "{30B91352-94D8-C7AE-6CD1-0C71F5A63E25}"
EndProject
Project("{FAE04EC0-301F-11D3-BF4B-00C04F79EFBC}") = "EGD1.Editor.Plugins", "EGD1.Editor.Plugins.csproj", "{158B8DC4-4F36-7D7D-496E-DD27C740C0E4}"
EndProject
Global
	GlobalSection(SolutionConfigurationPlatforms) = preSolution
		Debug|Any CPU = Debug|Any CPU
		Release|Any CPU = Release|Any CPU
	EndGlobalSection
	GlobalSection(ProjectConfigurationPlatforms) = postSolution
		{D41F554E-2928-B6CD-3971-0EE2DDEF99B7}.Debug|Any CPU.ActiveCfg = Debug|Any CPU
		{D41F554E-2928-B6CD-3971-0EE2DDEF99B7}.Debug|Any CPU.Build.0 = Debug|Any CPU
		{D41F554E-2928-B6CD-3971-0EE2DDEF99B7}.Release|Any CPU.ActiveCfg = Release|Any CPU
		{D41F554E-2928-B6CD-3971-0EE2DDEF99B7}.Release|Any CPU.Build.0 = Release|Any CPU
		{30B91352-94D8-C7AE-6CD1-0C71F5A63E25}.Debug|Any CPU.ActiveCfg = Debug|Any CPU
		{30B91352-94D8-C7AE-6CD1-0C71F5A63E25}.Debug|Any CPU.Build.0 = Debug|Any CPU
		{30B91352-94D8-C7AE-6CD1-0C71F5A63E25}.Release|Any CPU.ActiveCfg = Release|Any CPU
		{30B91352-94D8-C7AE-6CD1-0C71F5A63E25}.Release|Any CPU.Build.0 = Release|Any CPU
		{158B8DC4-4F36-7D7D-496E-DD27C740C0E4}.Debug|Any CPU.ActiveCfg = Debug|Any CPU
		{158B8DC4-4F36-7D7D-496E-DD27C740C0E4}.Debug|Any CPU.Build.0 = Debug|Any CPU
		{158B8DC4-4F36-7D7D-496E-DD27C740C0E4}.Release|Any CPU.ActiveCfg = Release|Any CPU
		{158B8DC4-4F36-7D7D-496E-DD27C740C0E4}.Release|Any CPU.Build.0 = Release|Any CPU
	EndGlobalSection
	GlobalSection(SolutionProperties) = preSolution
		HideSolutionNode = FALSE
	EndGlobalSection
EndGlobal
