
Microsoft Visual Studio Solution File, Format Version 12.00
# Visual Studio 2015
Project("{FAE04EC0-301F-11D3-BF4B-00C04F79EFBC}") = "EGD1.CSharp.Plugins", "EGD1.CSharp.Plugins.csproj", "{B3D17C54-F9D9-FFC5-B48E-C19E0669BC65}"
EndProject
Project("{FAE04EC0-301F-11D3-BF4B-00C04F79EFBC}") = "EGD1.CSharp", "EGD1.CSharp.csproj", "{4CAC2566-741F-7B88-B071-1E95595849EA}"
EndProject
Project("{FAE04EC0-301F-11D3-BF4B-00C04F79EFBC}") = "EGD1.CSharp.Editor.Plugins", "EGD1.CSharp.Editor.Plugins.csproj", "{5A58077A-7478-4BEF-6BFF-D486DE7A7244}"
EndProject
Global
	GlobalSection(SolutionConfigurationPlatforms) = preSolution
		Debug|Any CPU = Debug|Any CPU
		Release|Any CPU = Release|Any CPU
	EndGlobalSection
	GlobalSection(ProjectConfigurationPlatforms) = postSolution
		{B3D17C54-F9D9-FFC5-B48E-C19E0669BC65}.Debug|Any CPU.ActiveCfg = Debug|Any CPU
		{B3D17C54-F9D9-FFC5-B48E-C19E0669BC65}.Debug|Any CPU.Build.0 = Debug|Any CPU
		{B3D17C54-F9D9-FFC5-B48E-C19E0669BC65}.Release|Any CPU.ActiveCfg = Release|Any CPU
		{B3D17C54-F9D9-FFC5-B48E-C19E0669BC65}.Release|Any CPU.Build.0 = Release|Any CPU
		{4CAC2566-741F-7B88-B071-1E95595849EA}.Debug|Any CPU.ActiveCfg = Debug|Any CPU
		{4CAC2566-741F-7B88-B071-1E95595849EA}.Debug|Any CPU.Build.0 = Debug|Any CPU
		{4CAC2566-741F-7B88-B071-1E95595849EA}.Release|Any CPU.ActiveCfg = Release|Any CPU
		{4CAC2566-741F-7B88-B071-1E95595849EA}.Release|Any CPU.Build.0 = Release|Any CPU
		{5A58077A-7478-4BEF-6BFF-D486DE7A7244}.Debug|Any CPU.ActiveCfg = Debug|Any CPU
		{5A58077A-7478-4BEF-6BFF-D486DE7A7244}.Debug|Any CPU.Build.0 = Debug|Any CPU
		{5A58077A-7478-4BEF-6BFF-D486DE7A7244}.Release|Any CPU.ActiveCfg = Release|Any CPU
		{5A58077A-7478-4BEF-6BFF-D486DE7A7244}.Release|Any CPU.Build.0 = Release|Any CPU
	EndGlobalSection
	GlobalSection(SolutionProperties) = preSolution
		HideSolutionNode = FALSE
	EndGlobalSection
EndGlobal
